
Microsoft Visual Studio Solution File, Format Version 12.00
# Visual Studio Version 17
VisualStudioVersion = 17.3.32929.385
MinimumVisualStudioVersion = 10.0.40219.1
Project("{E24C65DC-7377-472B-9ABA-BC803B73C61A}") = "excesise2", ".", "{8B9DF105-B53B-46BF-863D-4E169F9151BC}"
	ProjectSection(WebsiteProperties) = preProject
		TargetFrameworkMoniker = ".NETFramework,Version%3Dv4.8"
		Debug.AspNetCompiler.VirtualPath = "/localhost_51670"
		Debug.AspNetCompiler.PhysicalPath = "..\excesise2\"
		Debug.AspNetCompiler.TargetPath = "PrecompiledWeb\localhost_51670\"
		Debug.AspNetCompiler.Updateable = "true"
		Debug.AspNetCompiler.ForceOverwrite = "true"
		Debug.AspNetCompiler.FixedNames = "false"
		Debug.AspNetCompiler.Debug = "True"
		Release.AspNetCompiler.VirtualPath = "/localhost_51670"
		Release.AspNetCompiler.PhysicalPath = "..\excesise2\"
		Release.AspNetCompiler.TargetPath = "PrecompiledWeb\localhost_51670\"
		Release.AspNetCompiler.Updateable = "true"
		Release.AspNetCompiler.ForceOverwrite = "true"
		Release.AspNetCompiler.FixedNames = "false"
		Release.AspNetCompiler.Debug = "False"
		VWDPort = "51670"
		SlnRelativePath = "..\excesise2\"
	EndProjectSection
EndProject
Global
	GlobalSection(SolutionConfigurationPlatforms) = preSolution
		Debug|Any CPU = Debug|Any CPU
	EndGlobalSection
	GlobalSection(ProjectConfigurationPlatforms) = postSolution
		{8B9DF105-B53B-46BF-863D-4E169F9151BC}.Debug|Any CPU.ActiveCfg = Debug|Any CPU
		{8B9DF105-B53B-46BF-863D-4E169F9151BC}.Debug|Any CPU.Build.0 = Debug|Any CPU
	EndGlobalSection
	GlobalSection(SolutionProperties) = preSolution
		HideSolutionNode = FALSE
	EndGlobalSection
	GlobalSection(ExtensibilityGlobals) = postSolution
		SolutionGuid = {7CD95D31-F330-41B5-A38C-1D3588961303}
	EndGlobalSection
EndGlobal
